{
    "_readme": [
        "This file locks the dependencies of your project to a known state",
        "Read more about it at https://getcomposer.org/doc/01-basic-usage.md#installing-dependencies",
        "This file is @generated automatically"
    ],
    "content-hash": "d7b8fa7e361ec715e53827c74683a534",
    "packages": [
        {
            "name": "matdave/modxpackage",
            "version": "1.0.0",
            "source": {
                "type": "git",
                "url": "https://github.com/matdave/modxpackage.git",
                "reference": "3fc3583e2bbcfc32423894743602f121a72690e2"
            },
            "dist": {
                "type": "zip",
                "url": "https://api.github.com/repos/matdave/modxpackage/zipball/3fc3583e2bbcfc32423894743602f121a72690e2",
                "reference": "3fc3583e2bbcfc32423894743602f121a72690e2",
                "shasum": ""
            },
            "require": {
                "ext-curl": "*",
                "ext-json": "*",
                "php": ">=7.4"
            },
            "require-dev": {
                "modx/revolution": "^3.0"
            },
            "type": "library",
            "autoload": {
                "psr-4": {
                    "MatDave\\MODXPackage\\": "src/"
                }
            },
            "notification-url": "https://packagist.org/downloads/",
            "license": [
                "MIT"
            ],
            "authors": [
                {
                    "name": "matdave",
                    "email": "mat@matdave.com"
                }
            ],
            "description": "Base Package Library for MODX 3",
            "keywords": [
                "modx",
                "package"
            ],
            "support": {
                "issues": "https://github.com/matdave/modxpackage/issues",
                "source": "https://github.com/matdave/modxpackage/tree/1.0.0"
            },
            "time": "2024-12-13T20:59:57+00:00"
        }
    ],
    "packages-dev": [],
    "aliases": [],
    "minimum-stability": "dev",
    "stability-flags": {},
    "prefer-stable": true,
    "prefer-lowest": false,
    "platform": {},
    "platform-dev": {},
    "plugin-api-version": "2.6.0"
}
